
Microsoft Visual Studio Solution File, Format Version 12.00
# Visual Studio Version 17
VisualStudioVersion = 17.0.31903.59
MinimumVisualStudioVersion = 10.0.40219.1
Project("{2150E333-8FDC-42A3-9474-1A3956D46DE8}") = "Solution Items", "Solution Items", "{9999B39B-F0B5-481B-B954-808A8A55A620}"
	ProjectSection(SolutionItems) = preProject
		.editorconfig = .editorconfig
		.gitignore = .gitignore
		Directory.Build.props = Directory.Build.props
		Directory.Build.targets = Directory.Build.targets
		Directory.Packages.props = Directory.Packages.props
	EndProjectSection
EndProject
Project("{2150E333-8FDC-42A3-9474-1A3956D46DE8}") = "src", "src", "{02EA681E-C7D8-13C7-8484-4AC65E1B71E8}"
EndProject
Project("{2150E333-8FDC-42A3-9474-1A3956D46DE8}") = "tests", "tests", "{2080F660-ED3A-4F8A-B42E-565FF7E43F44}"
EndProject
Project("{FAE04EC0-301F-11D3-BF4B-00C04F79EFBC}") = "DomainName.Domain", "src\DomainName.Domain\DomainName.Domain.csproj", "{DB23B0CB-36D4-818B-0661-D594FB333C17}"
EndProject
Project("{FAE04EC0-301F-11D3-BF4B-00C04F79EFBC}") = "DomainName.Application", "src\DomainName.Application\DomainName.Application.csproj", "{93C30A58-7F36-20CF-52E3-6737B492CAB6}"
EndProject
Project("{FAE04EC0-301F-11D3-BF4B-00C04F79EFBC}") = "DomainName.Infrastructure", "src\DomainName.Infrastructure\DomainName.Infrastructure.csproj", "{AE0606AA-818F-66A6-4884-3B011E2E40E3}"
EndProject
Project("{FAE04EC0-301F-11D3-BF4B-00C04F79EFBC}") = "DomainName.Presentation", "src\DomainName.Presentation\DomainName.Presentation.csproj", "{967D0B0A-AFBD-4AA7-4342-DD2C800AA183}"
EndProject
Project("{FAE04EC0-301F-11D3-BF4B-00C04F79EFBC}") = "DomainName", "src\DomainName\DomainName.csproj", "{6BD81ACC-2DAB-6802-6903-142B7ECBA64E}"
EndProject
Project("{FAE04EC0-301F-11D3-BF4B-00C04F79EFBC}") = "DomainName.Application.Tests", "tests\DomainName.Application.Tests\DomainName.Application.Tests.csproj", "{8E4A9D69-D220-4CC6-9E59-EB3423ECC0FA}"
EndProject
Project("{FAE04EC0-301F-11D3-BF4B-00C04F79EFBC}") = "DomainName.Infrastructure.Tests", "tests\DomainName.Infrastructure.Tests\DomainName.Infrastructure.Tests.csproj", "{67563510-7872-42ED-8B7A-C3F1293C647A}"
EndProject
Project("{FAE04EC0-301F-11D3-BF4B-00C04F79EFBC}") = "DomainName.Presentation.Tests", "tests\DomainName.Presentation.Tests\DomainName.Presentation.Tests.csproj", "{A75A1D9F-E77C-4FF6-A6D7-AAD13D3E6D34}"
EndProject
Project("{FAE04EC0-301F-11D3-BF4B-00C04F79EFBC}") = "DomainName.Domain.Tests", "tests\DomainName.Domain.Tests\DomainName.Domain.Tests.csproj", "{C0757B1B-BF2D-41FC-9742-785A4772256B}"
EndProject
Global
	GlobalSection(SolutionConfigurationPlatforms) = preSolution
		Debug|Any CPU = Debug|Any CPU
		Release|Any CPU = Release|Any CPU
	EndGlobalSection
	GlobalSection(ProjectConfigurationPlatforms) = postSolution
		{DB23B0CB-36D4-818B-0661-D594FB333C17}.Debug|Any CPU.ActiveCfg = Debug|Any CPU
		{DB23B0CB-36D4-818B-0661-D594FB333C17}.Debug|Any CPU.Build.0 = Debug|Any CPU
		{DB23B0CB-36D4-818B-0661-D594FB333C17}.Release|Any CPU.ActiveCfg = Release|Any CPU
		{DB23B0CB-36D4-818B-0661-D594FB333C17}.Release|Any CPU.Build.0 = Release|Any CPU
		{93C30A58-7F36-20CF-52E3-6737B492CAB6}.Debug|Any CPU.ActiveCfg = Debug|Any CPU
		{93C30A58-7F36-20CF-52E3-6737B492CAB6}.Debug|Any CPU.Build.0 = Debug|Any CPU
		{93C30A58-7F36-20CF-52E3-6737B492CAB6}.Release|Any CPU.ActiveCfg = Release|Any CPU
		{93C30A58-7F36-20CF-52E3-6737B492CAB6}.Release|Any CPU.Build.0 = Release|Any CPU
		{AE0606AA-818F-66A6-4884-3B011E2E40E3}.Debug|Any CPU.ActiveCfg = Debug|Any CPU
		{AE0606AA-818F-66A6-4884-3B011E2E40E3}.Debug|Any CPU.Build.0 = Debug|Any CPU
		{AE0606AA-818F-66A6-4884-3B011E2E40E3}.Release|Any CPU.ActiveCfg = Release|Any CPU
		{AE0606AA-818F-66A6-4884-3B011E2E40E3}.Release|Any CPU.Build.0 = Release|Any CPU
		{967D0B0A-AFBD-4AA7-4342-DD2C800AA183}.Debug|Any CPU.ActiveCfg = Debug|Any CPU
		{967D0B0A-AFBD-4AA7-4342-DD2C800AA183}.Debug|Any CPU.Build.0 = Debug|Any CPU
		{967D0B0A-AFBD-4AA7-4342-DD2C800AA183}.Release|Any CPU.ActiveCfg = Release|Any CPU
		{967D0B0A-AFBD-4AA7-4342-DD2C800AA183}.Release|Any CPU.Build.0 = Release|Any CPU
		{6BD81ACC-2DAB-6802-6903-142B7ECBA64E}.Debug|Any CPU.ActiveCfg = Debug|Any CPU
		{6BD81ACC-2DAB-6802-6903-142B7ECBA64E}.Debug|Any CPU.Build.0 = Debug|Any CPU
		{6BD81ACC-2DAB-6802-6903-142B7ECBA64E}.Release|Any CPU.ActiveCfg = Release|Any CPU
		{6BD81ACC-2DAB-6802-6903-142B7ECBA64E}.Release|Any CPU.Build.0 = Release|Any CPU
		{8E4A9D69-D220-4CC6-9E59-EB3423ECC0FA}.Debug|Any CPU.ActiveCfg = Debug|Any CPU
		{8E4A9D69-D220-4CC6-9E59-EB3423ECC0FA}.Debug|Any CPU.Build.0 = Debug|Any CPU
		{8E4A9D69-D220-4CC6-9E59-EB3423ECC0FA}.Release|Any CPU.ActiveCfg = Release|Any CPU
		{8E4A9D69-D220-4CC6-9E59-EB3423ECC0FA}.Release|Any CPU.Build.0 = Release|Any CPU
		{67563510-7872-42ED-8B7A-C3F1293C647A}.Debug|Any CPU.ActiveCfg = Debug|Any CPU
		{67563510-7872-42ED-8B7A-C3F1293C647A}.Debug|Any CPU.Build.0 = Debug|Any CPU
		{67563510-7872-42ED-8B7A-C3F1293C647A}.Release|Any CPU.ActiveCfg = Release|Any CPU
		{67563510-7872-42ED-8B7A-C3F1293C647A}.Release|Any CPU.Build.0 = Release|Any CPU
		{A75A1D9F-E77C-4FF6-A6D7-AAD13D3E6D34}.Debug|Any CPU.ActiveCfg = Debug|Any CPU
		{A75A1D9F-E77C-4FF6-A6D7-AAD13D3E6D34}.Debug|Any CPU.Build.0 = Debug|Any CPU
		{A75A1D9F-E77C-4FF6-A6D7-AAD13D3E6D34}.Release|Any CPU.ActiveCfg = Release|Any CPU
		{A75A1D9F-E77C-4FF6-A6D7-AAD13D3E6D34}.Release|Any CPU.Build.0 = Release|Any CPU
		{C0757B1B-BF2D-41FC-9742-785A4772256B}.Debug|Any CPU.ActiveCfg = Debug|Any CPU
		{C0757B1B-BF2D-41FC-9742-785A4772256B}.Debug|Any CPU.Build.0 = Debug|Any CPU
		{C0757B1B-BF2D-41FC-9742-785A4772256B}.Release|Any CPU.ActiveCfg = Release|Any CPU
		{C0757B1B-BF2D-41FC-9742-785A4772256B}.Release|Any CPU.Build.0 = Release|Any CPU
	EndGlobalSection
	GlobalSection(SolutionProperties) = preSolution
		HideSolutionNode = FALSE
	EndGlobalSection
	GlobalSection(NestedProjects) = preSolution
		{DB23B0CB-36D4-818B-0661-D594FB333C17} = {02EA681E-C7D8-13C7-8484-4AC65E1B71E8}
		{93C30A58-7F36-20CF-52E3-6737B492CAB6} = {02EA681E-C7D8-13C7-8484-4AC65E1B71E8}
		{AE0606AA-818F-66A6-4884-3B011E2E40E3} = {02EA681E-C7D8-13C7-8484-4AC65E1B71E8}
		{967D0B0A-AFBD-4AA7-4342-DD2C800AA183} = {02EA681E-C7D8-13C7-8484-4AC65E1B71E8}
		{6BD81ACC-2DAB-6802-6903-142B7ECBA64E} = {02EA681E-C7D8-13C7-8484-4AC65E1B71E8}
		{8E4A9D69-D220-4CC6-9E59-EB3423ECC0FA} = {2080F660-ED3A-4F8A-B42E-565FF7E43F44}
		{67563510-7872-42ED-8B7A-C3F1293C647A} = {2080F660-ED3A-4F8A-B42E-565FF7E43F44}
		{A75A1D9F-E77C-4FF6-A6D7-AAD13D3E6D34} = {2080F660-ED3A-4F8A-B42E-565FF7E43F44}
		{C0757B1B-BF2D-41FC-9742-785A4772256B} = {2080F660-ED3A-4F8A-B42E-565FF7E43F44}
	EndGlobalSection
	GlobalSection(ExtensibilityGlobals) = postSolution
		SolutionGuid = {91420860-34D6-42D4-BAED-D3B7CC7E8742}
	EndGlobalSection
EndGlobal
